// !$*UTF8*$!
{
	archiveVersion = 1;
	classes = {
	};
	objectVersion = 55;
	objects = {

/* Begin PBXBuildFile section */
		0908500B280DE2E6002491FD /* File.swift in Sources */ = {isa = PBXBuildFile; fileRef = 0908500A280DE2E6002491FD /* File.swift */; };
		0988DF08280C97820069C60E /* SimilarModel.swift in Sources */ = {isa = PBXBuildFile; fileRef = 0988DF07280C97820069C60E /* SimilarModel.swift */; };
		0988DF0B280CA5E30069C60E /* SimilarViewData.swift in Sources */ = {isa = PBXBuildFile; fileRef = 0988DF0A280CA5E30069C60E /* SimilarViewData.swift */; };
		0988DF0D280CA5FC0069C60E /* SimilarProviderProtocol.swift in Sources */ = {isa = PBXBuildFile; fileRef = 0988DF0C280CA5FC0069C60E /* SimilarProviderProtocol.swift */; };
		0988DF0F280CA61A0069C60E /* SimilarCellView.swift in Sources */ = {isa = PBXBuildFile; fileRef = 0988DF0E280CA61A0069C60E /* SimilarCellView.swift */; };
		0988DF11280CA6360069C60E /* SimilarView.swift in Sources */ = {isa = PBXBuildFile; fileRef = 0988DF10280CA6360069C60E /* SimilarView.swift */; };
		0988DF14280CA6700069C60E /* SimilarDisplayerView.swift in Sources */ = {isa = PBXBuildFile; fileRef = 0988DF13280CA6700069C60E /* SimilarDisplayerView.swift */; };
		0988DF16280CA69C0069C60E /* SimilarDisPlayerViewData.swift in Sources */ = {isa = PBXBuildFile; fileRef = 0988DF15280CA69C0069C60E /* SimilarDisPlayerViewData.swift */; };
		0990633827F62B03001593B8 /* NowPlayingModel.swift in Sources */ = {isa = PBXBuildFile; fileRef = 0990633727F62B03001593B8 /* NowPlayingModel.swift */; };
		0990633B27F62FBA001593B8 /* NowPlayingViewData.swift in Sources */ = {isa = PBXBuildFile; fileRef = 0990633A27F62FBA001593B8 /* NowPlayingViewData.swift */; };
		0990633D27F62FCF001593B8 /* NowPlayingProviderProtocol.swift in Sources */ = {isa = PBXBuildFile; fileRef = 0990633C27F62FCF001593B8 /* NowPlayingProviderProtocol.swift */; };
		0990633F27F62FFF001593B8 /* NowPlayingCellView.swift in Sources */ = {isa = PBXBuildFile; fileRef = 0990633E27F62FFF001593B8 /* NowPlayingCellView.swift */; };
		0990634127F6300A001593B8 /* NowPlayingView.swift in Sources */ = {isa = PBXBuildFile; fileRef = 0990634027F6300A001593B8 /* NowPlayingView.swift */; };
		0990634427F6303A001593B8 /* NowPlayingDisplayerView.swift in Sources */ = {isa = PBXBuildFile; fileRef = 0990634327F6303A001593B8 /* NowPlayingDisplayerView.swift */; };
		0990634627F63049001593B8 /* NowPlayingDisplayerViewData.swift in Sources */ = {isa = PBXBuildFile; fileRef = 0990634527F63049001593B8 /* NowPlayingDisplayerViewData.swift */; };
		099FF23C2781FA1700ED09A6 /* AppDelegate.swift in Sources */ = {isa = PBXBuildFile; fileRef = 099FF23B2781FA1700ED09A6 /* AppDelegate.swift */; };
		099FF23E2781FA1700ED09A6 /* SceneDelegate.swift in Sources */ = {isa = PBXBuildFile; fileRef = 099FF23D2781FA1700ED09A6 /* SceneDelegate.swift */; };
		099FF2452781FA1900ED09A6 /* Assets.xcassets in Resources */ = {isa = PBXBuildFile; fileRef = 099FF2442781FA1900ED09A6 /* Assets.xcassets */; };
		099FF2482781FA1900ED09A6 /* LaunchScreen.storyboard in Resources */ = {isa = PBXBuildFile; fileRef = 099FF2462781FA1900ED09A6 /* LaunchScreen.storyboard */; };
		09AF57FD278363CC004133AD /* SplashViewModel.swift in Sources */ = {isa = PBXBuildFile; fileRef = 09AF57FC278363CC004133AD /* SplashViewModel.swift */; };
		09AF57FF278363D9004133AD /* SplashViewController.swift in Sources */ = {isa = PBXBuildFile; fileRef = 09AF57FE278363D9004133AD /* SplashViewController.swift */; };
		09AF5801278363EC004133AD /* SplashViewBuilder.swift in Sources */ = {isa = PBXBuildFile; fileRef = 09AF5800278363EC004133AD /* SplashViewBuilder.swift */; };
		09AF5804278364AB004133AD /* BaseViewController.swift in Sources */ = {isa = PBXBuildFile; fileRef = 09AF5803278364AB004133AD /* BaseViewController.swift */; };
		09AF580B2783690D004133AD /* MainViewBuilder.swift in Sources */ = {isa = PBXBuildFile; fileRef = 09AF580A2783690D004133AD /* MainViewBuilder.swift */; };
		09AF580D27836918004133AD /* MainViewController.swift in Sources */ = {isa = PBXBuildFile; fileRef = 09AF580C27836918004133AD /* MainViewController.swift */; };
		09AF580F27836929004133AD /* MainViewModel.swift in Sources */ = {isa = PBXBuildFile; fileRef = 09AF580E27836929004133AD /* MainViewModel.swift */; };
		09EDEEC827841F6F00DC8617 /* MainViewFormatter.swift in Sources */ = {isa = PBXBuildFile; fileRef = 09EDEEC727841F6F00DC8617 /* MainViewFormatter.swift */; };
		09EDEECA27841F8100DC8617 /* MainViewFormatterProtocol.swift in Sources */ = {isa = PBXBuildFile; fileRef = 09EDEEC927841F8100DC8617 /* MainViewFormatterProtocol.swift */; };
		09EDEECC27841F8C00DC8617 /* MainViewState.swift in Sources */ = {isa = PBXBuildFile; fileRef = 09EDEECB27841F8C00DC8617 /* MainViewState.swift */; };
		09EDEECF2784236700DC8617 /* UpComingModel.swift in Sources */ = {isa = PBXBuildFile; fileRef = 09EDEECE2784236700DC8617 /* UpComingModel.swift */; };
		09EDEED12784267900DC8617 /* GenericDataProtocol.swift in Sources */ = {isa = PBXBuildFile; fileRef = 09EDEED02784267900DC8617 /* GenericDataProtocol.swift */; };
		09EDEEDA2784280200DC8617 /* BaseCollectionViewCell.swift in Sources */ = {isa = PBXBuildFile; fileRef = 09EDEED92784280200DC8617 /* BaseCollectionViewCell.swift */; };
		09EDEEDD2784287C00DC8617 /* MovieListDisplayerView.swift in Sources */ = {isa = PBXBuildFile; fileRef = 09EDEEDC2784287C00DC8617 /* MovieListDisplayerView.swift */; };
		09EDEEDF2784288500DC8617 /* MovieListDisplayerView.Data.swift in Sources */ = {isa = PBXBuildFile; fileRef = 09EDEEDE2784288500DC8617 /* MovieListDisplayerView.Data.swift */; };
		09EDEEE1278428C100DC8617 /* GenericBaseView.swift in Sources */ = {isa = PBXBuildFile; fileRef = 09EDEEE0278428C100DC8617 /* GenericBaseView.swift */; };
		09EDEEE3278428E900DC8617 /* BaseView.swift in Sources */ = {isa = PBXBuildFile; fileRef = 09EDEEE2278428E900DC8617 /* BaseView.swift */; };
		09EDEEEF27842C4300DC8617 /* ImageCacheManager.swift in Sources */ = {isa = PBXBuildFile; fileRef = 09EDEEEE27842C4300DC8617 /* ImageCacheManager.swift */; };
		09EDEEF22784309000DC8617 /* MovieService.swift in Sources */ = {isa = PBXBuildFile; fileRef = 09EDEEF12784309000DC8617 /* MovieService.swift */; };
		09EDEEFD2784574C00DC8617 /* LoadingCellView.swift in Sources */ = {isa = PBXBuildFile; fileRef = 09EDEEF72784574C00DC8617 /* LoadingCellView.swift */; };
		09EDEEFE2784574C00DC8617 /* ItemCollectionViewData.swift in Sources */ = {isa = PBXBuildFile; fileRef = 09EDEEF92784574C00DC8617 /* ItemCollectionViewData.swift */; };
		09EDEEFF2784574C00DC8617 /* ItemProviderProtocol.swift in Sources */ = {isa = PBXBuildFile; fileRef = 09EDEEFA2784574C00DC8617 /* ItemProviderProtocol.swift */; };
		09EDEF002784574C00DC8617 /* ItemCollectionCellView.swift in Sources */ = {isa = PBXBuildFile; fileRef = 09EDEEFB2784574C00DC8617 /* ItemCollectionCellView.swift */; };
		09EDEF012784574C00DC8617 /* ItemCollectionView.swift in Sources */ = {isa = PBXBuildFile; fileRef = 09EDEEFC2784574C00DC8617 /* ItemCollectionView.swift */; };
		09EDEF0C2784599400DC8617 /* CustomImageViewComponentContainer.swift in Sources */ = {isa = PBXBuildFile; fileRef = 09EDEF082784599400DC8617 /* CustomImageViewComponentContainer.swift */; };
		09EDEF0D2784599400DC8617 /* CustomImageViewComponentData.swift in Sources */ = {isa = PBXBuildFile; fileRef = 09EDEF092784599400DC8617 /* CustomImageViewComponentData.swift */; };
		09EDEF0E2784599400DC8617 /* CustomImageViewComponent.swift in Sources */ = {isa = PBXBuildFile; fileRef = 09EDEF0A2784599400DC8617 /* CustomImageViewComponent.swift */; };
		09EDEF0F2784599400DC8617 /* CustomImageLoadingType.swift in Sources */ = {isa = PBXBuildFile; fileRef = 09EDEF0B2784599400DC8617 /* CustomImageLoadingType.swift */; };
		09EDEF2F27846E8800DC8617 /* PaginationInfo.swift in Sources */ = {isa = PBXBuildFile; fileRef = 09EDEF2E27846E8800DC8617 /* PaginationInfo.swift */; };
		09EDEF382784D28100DC8617 /* ItemDetailViewBuilder.swift in Sources */ = {isa = PBXBuildFile; fileRef = 09EDEF312784D28100DC8617 /* ItemDetailViewBuilder.swift */; };
		09EDEF392784D28100DC8617 /* ItemDetailViewPresentationType.swift in Sources */ = {isa = PBXBuildFile; fileRef = 09EDEF322784D28100DC8617 /* ItemDetailViewPresentationType.swift */; };
		09EDEF3A2784D28100DC8617 /* ItemDetailDataFormatter.swift in Sources */ = {isa = PBXBuildFile; fileRef = 09EDEF332784D28100DC8617 /* ItemDetailDataFormatter.swift */; };
		09EDEF3B2784D28100DC8617 /* ItemDetailViewController.swift in Sources */ = {isa = PBXBuildFile; fileRef = 09EDEF342784D28100DC8617 /* ItemDetailViewController.swift */; };
		09EDEF3C2784D28100DC8617 /* ItemDetailDataFormatterProtocol.swift in Sources */ = {isa = PBXBuildFile; fileRef = 09EDEF352784D28100DC8617 /* ItemDetailDataFormatterProtocol.swift */; };
		09EDEF3D2784D28100DC8617 /* ItemDetailViewRequest.swift in Sources */ = {isa = PBXBuildFile; fileRef = 09EDEF362784D28100DC8617 /* ItemDetailViewRequest.swift */; };
		09EDEF3E2784D28100DC8617 /* ItemDetailViewModel.swift in Sources */ = {isa = PBXBuildFile; fileRef = 09EDEF372784D28100DC8617 /* ItemDetailViewModel.swift */; };
		09EDEF452784D48400DC8617 /* ItemDetailView.swift in Sources */ = {isa = PBXBuildFile; fileRef = 09EDEF432784D48400DC8617 /* ItemDetailView.swift */; };
		09EDEF462784D48400DC8617 /* ItemDetailViewData.swift in Sources */ = {isa = PBXBuildFile; fileRef = 09EDEF442784D48400DC8617 /* ItemDetailViewData.swift */; };
		09EDEF482784D5B000DC8617 /* DetailModel.swift in Sources */ = {isa = PBXBuildFile; fileRef = 09EDEF472784D5B000DC8617 /* DetailModel.swift */; };
		20DD5308249125049D67362C /* Pods_MovieApp.framework in Frameworks */ = {isa = PBXBuildFile; fileRef = 669F1CBE8B3542DE31F00700 /* Pods_MovieApp.framework */; };
/* End PBXBuildFile section */

/* Begin PBXFileReference section */
		0908500A280DE2E6002491FD /* File.swift */ = {isa = PBXFileReference; lastKnownFileType = sourcecode.swift; path = File.swift; sourceTree = "<group>"; };
		0988DF07280C97820069C60E /* SimilarModel.swift */ = {isa = PBXFileReference; lastKnownFileType = sourcecode.swift; path = SimilarModel.swift; sourceTree = "<group>"; };
		0988DF0A280CA5E30069C60E /* SimilarViewData.swift */ = {isa = PBXFileReference; lastKnownFileType = sourcecode.swift; path = SimilarViewData.swift; sourceTree = "<group>"; };
		0988DF0C280CA5FC0069C60E /* SimilarProviderProtocol.swift */ = {isa = PBXFileReference; lastKnownFileType = sourcecode.swift; path = SimilarProviderProtocol.swift; sourceTree = "<group>"; };
		0988DF0E280CA61A0069C60E /* SimilarCellView.swift */ = {isa = PBXFileReference; lastKnownFileType = sourcecode.swift; path = SimilarCellView.swift; sourceTree = "<group>"; };
		0988DF10280CA6360069C60E /* SimilarView.swift */ = {isa = PBXFileReference; lastKnownFileType = sourcecode.swift; path = SimilarView.swift; sourceTree = "<group>"; };
		0988DF13280CA6700069C60E /* SimilarDisplayerView.swift */ = {isa = PBXFileReference; lastKnownFileType = sourcecode.swift; path = SimilarDisplayerView.swift; sourceTree = "<group>"; };
		0988DF15280CA69C0069C60E /* SimilarDisPlayerViewData.swift */ = {isa = PBXFileReference; lastKnownFileType = sourcecode.swift; path = SimilarDisPlayerViewData.swift; sourceTree = "<group>"; };
		0990633727F62B03001593B8 /* NowPlayingModel.swift */ = {isa = PBXFileReference; lastKnownFileType = sourcecode.swift; path = NowPlayingModel.swift; sourceTree = "<group>"; };
		0990633A27F62FBA001593B8 /* NowPlayingViewData.swift */ = {isa = PBXFileReference; lastKnownFileType = sourcecode.swift; path = NowPlayingViewData.swift; sourceTree = "<group>"; };
		0990633C27F62FCF001593B8 /* NowPlayingProviderProtocol.swift */ = {isa = PBXFileReference; lastKnownFileType = sourcecode.swift; path = NowPlayingProviderProtocol.swift; sourceTree = "<group>"; };
		0990633E27F62FFF001593B8 /* NowPlayingCellView.swift */ = {isa = PBXFileReference; lastKnownFileType = sourcecode.swift; path = NowPlayingCellView.swift; sourceTree = "<group>"; };
		0990634027F6300A001593B8 /* NowPlayingView.swift */ = {isa = PBXFileReference; lastKnownFileType = sourcecode.swift; path = NowPlayingView.swift; sourceTree = "<group>"; };
		0990634327F6303A001593B8 /* NowPlayingDisplayerView.swift */ = {isa = PBXFileReference; lastKnownFileType = sourcecode.swift; path = NowPlayingDisplayerView.swift; sourceTree = "<group>"; };
		0990634527F63049001593B8 /* NowPlayingDisplayerViewData.swift */ = {isa = PBXFileReference; lastKnownFileType = sourcecode.swift; path = NowPlayingDisplayerViewData.swift; sourceTree = "<group>"; };
		099FF2382781FA1700ED09A6 /* MovieApp.app */ = {isa = PBXFileReference; explicitFileType = wrapper.application; includeInIndex = 0; path = MovieApp.app; sourceTree = BUILT_PRODUCTS_DIR; };
		099FF23B2781FA1700ED09A6 /* AppDelegate.swift */ = {isa = PBXFileReference; lastKnownFileType = sourcecode.swift; path = AppDelegate.swift; sourceTree = "<group>"; };
		099FF23D2781FA1700ED09A6 /* SceneDelegate.swift */ = {isa = PBXFileReference; lastKnownFileType = sourcecode.swift; path = SceneDelegate.swift; sourceTree = "<group>"; };
		099FF2442781FA1900ED09A6 /* Assets.xcassets */ = {isa = PBXFileReference; lastKnownFileType = folder.assetcatalog; path = Assets.xcassets; sourceTree = "<group>"; };
		099FF2472781FA1900ED09A6 /* Base */ = {isa = PBXFileReference; lastKnownFileType = file.storyboard; name = Base; path = Base.lproj/LaunchScreen.storyboard; sourceTree = "<group>"; };
		099FF2492781FA1900ED09A6 /* Info.plist */ = {isa = PBXFileReference; lastKnownFileType = text.plist.xml; path = Info.plist; sourceTree = "<group>"; };
		09AF57FC278363CC004133AD /* SplashViewModel.swift */ = {isa = PBXFileReference; lastKnownFileType = sourcecode.swift; path = SplashViewModel.swift; sourceTree = "<group>"; };
		09AF57FE278363D9004133AD /* SplashViewController.swift */ = {isa = PBXFileReference; lastKnownFileType = sourcecode.swift; path = SplashViewController.swift; sourceTree = "<group>"; };
		09AF5800278363EC004133AD /* SplashViewBuilder.swift */ = {isa = PBXFileReference; lastKnownFileType = sourcecode.swift; path = SplashViewBuilder.swift; sourceTree = "<group>"; };
		09AF5803278364AB004133AD /* BaseViewController.swift */ = {isa = PBXFileReference; lastKnownFileType = sourcecode.swift; path = BaseViewController.swift; sourceTree = "<group>"; };
		09AF580A2783690D004133AD /* MainViewBuilder.swift */ = {isa = PBXFileReference; lastKnownFileType = sourcecode.swift; path = MainViewBuilder.swift; sourceTree = "<group>"; };
		09AF580C27836918004133AD /* MainViewController.swift */ = {isa = PBXFileReference; lastKnownFileType = sourcecode.swift; path = MainViewController.swift; sourceTree = "<group>"; };
		09AF580E27836929004133AD /* MainViewModel.swift */ = {isa = PBXFileReference; lastKnownFileType = sourcecode.swift; path = MainViewModel.swift; sourceTree = "<group>"; };
		09EDEEC727841F6F00DC8617 /* MainViewFormatter.swift */ = {isa = PBXFileReference; lastKnownFileType = sourcecode.swift; path = MainViewFormatter.swift; sourceTree = "<group>"; };
		09EDEEC927841F8100DC8617 /* MainViewFormatterProtocol.swift */ = {isa = PBXFileReference; lastKnownFileType = sourcecode.swift; path = MainViewFormatterProtocol.swift; sourceTree = "<group>"; };
		09EDEECB27841F8C00DC8617 /* MainViewState.swift */ = {isa = PBXFileReference; lastKnownFileType = sourcecode.swift; path = MainViewState.swift; sourceTree = "<group>"; };
		09EDEECE2784236700DC8617 /* UpComingModel.swift */ = {isa = PBXFileReference; lastKnownFileType = sourcecode.swift; path = UpComingModel.swift; sourceTree = "<group>"; };
		09EDEED02784267900DC8617 /* GenericDataProtocol.swift */ = {isa = PBXFileReference; lastKnownFileType = sourcecode.swift; path = GenericDataProtocol.swift; sourceTree = "<group>"; };
		09EDEED92784280200DC8617 /* BaseCollectionViewCell.swift */ = {isa = PBXFileReference; lastKnownFileType = sourcecode.swift; path = BaseCollectionViewCell.swift; sourceTree = "<group>"; };
		09EDEEDC2784287C00DC8617 /* MovieListDisplayerView.swift */ = {isa = PBXFileReference; lastKnownFileType = sourcecode.swift; path = MovieListDisplayerView.swift; sourceTree = "<group>"; };
		09EDEEDE2784288500DC8617 /* MovieListDisplayerView.Data.swift */ = {isa = PBXFileReference; lastKnownFileType = sourcecode.swift; path = MovieListDisplayerView.Data.swift; sourceTree = "<group>"; };
		09EDEEE0278428C100DC8617 /* GenericBaseView.swift */ = {isa = PBXFileReference; lastKnownFileType = sourcecode.swift; path = GenericBaseView.swift; sourceTree = "<group>"; };
		09EDEEE2278428E900DC8617 /* BaseView.swift */ = {isa = PBXFileReference; lastKnownFileType = sourcecode.swift; path = BaseView.swift; sourceTree = "<group>"; };
		09EDEEEE27842C4300DC8617 /* ImageCacheManager.swift */ = {isa = PBXFileReference; fileEncoding = 4; lastKnownFileType = sourcecode.swift; path = ImageCacheManager.swift; sourceTree = "<group>"; };
		09EDEEF12784309000DC8617 /* MovieService.swift */ = {isa = PBXFileReference; lastKnownFileType = sourcecode.swift; path = MovieService.swift; sourceTree = "<group>"; };
		09EDEEF72784574C00DC8617 /* LoadingCellView.swift */ = {isa = PBXFileReference; fileEncoding = 4; lastKnownFileType = sourcecode.swift; path = LoadingCellView.swift; sourceTree = "<group>"; };
		09EDEEF92784574C00DC8617 /* ItemCollectionViewData.swift */ = {isa = PBXFileReference; fileEncoding = 4; lastKnownFileType = sourcecode.swift; path = ItemCollectionViewData.swift; sourceTree = "<group>"; };
		09EDEEFA2784574C00DC8617 /* ItemProviderProtocol.swift */ = {isa = PBXFileReference; fileEncoding = 4; lastKnownFileType = sourcecode.swift; path = ItemProviderProtocol.swift; sourceTree = "<group>"; };
		09EDEEFB2784574C00DC8617 /* ItemCollectionCellView.swift */ = {isa = PBXFileReference; fileEncoding = 4; lastKnownFileType = sourcecode.swift; path = ItemCollectionCellView.swift; sourceTree = "<group>"; };
		09EDEEFC2784574C00DC8617 /* ItemCollectionView.swift */ = {isa = PBXFileReference; fileEncoding = 4; lastKnownFileType = sourcecode.swift; path = ItemCollectionView.swift; sourceTree = "<group>"; };
		09EDEF082784599400DC8617 /* CustomImageViewComponentContainer.swift */ = {isa = PBXFileReference; fileEncoding = 4; lastKnownFileType = sourcecode.swift; path = CustomImageViewComponentContainer.swift; sourceTree = "<group>"; };
		09EDEF092784599400DC8617 /* CustomImageViewComponentData.swift */ = {isa = PBXFileReference; fileEncoding = 4; lastKnownFileType = sourcecode.swift; path = CustomImageViewComponentData.swift; sourceTree = "<group>"; };
		09EDEF0A2784599400DC8617 /* CustomImageViewComponent.swift */ = {isa = PBXFileReference; fileEncoding = 4; lastKnownFileType = sourcecode.swift; path = CustomImageViewComponent.swift; sourceTree = "<group>"; };
		09EDEF0B2784599400DC8617 /* CustomImageLoadingType.swift */ = {isa = PBXFileReference; fileEncoding = 4; lastKnownFileType = sourcecode.swift; path = CustomImageLoadingType.swift; sourceTree = "<group>"; };
		09EDEF2E27846E8800DC8617 /* PaginationInfo.swift */ = {isa = PBXFileReference; fileEncoding = 4; lastKnownFileType = sourcecode.swift; path = PaginationInfo.swift; sourceTree = "<group>"; };
		09EDEF312784D28100DC8617 /* ItemDetailViewBuilder.swift */ = {isa = PBXFileReference; fileEncoding = 4; lastKnownFileType = sourcecode.swift; path = ItemDetailViewBuilder.swift; sourceTree = "<group>"; };
		09EDEF322784D28100DC8617 /* ItemDetailViewPresentationType.swift */ = {isa = PBXFileReference; fileEncoding = 4; lastKnownFileType = sourcecode.swift; path = ItemDetailViewPresentationType.swift; sourceTree = "<group>"; };
		09EDEF332784D28100DC8617 /* ItemDetailDataFormatter.swift */ = {isa = PBXFileReference; fileEncoding = 4; lastKnownFileType = sourcecode.swift; path = ItemDetailDataFormatter.swift; sourceTree = "<group>"; };
		09EDEF342784D28100DC8617 /* ItemDetailViewController.swift */ = {isa = PBXFileReference; fileEncoding = 4; lastKnownFileType = sourcecode.swift; path = ItemDetailViewController.swift; sourceTree = "<group>"; };
		09EDEF352784D28100DC8617 /* ItemDetailDataFormatterProtocol.swift */ = {isa = PBXFileReference; fileEncoding = 4; lastKnownFileType = sourcecode.swift; path = ItemDetailDataFormatterProtocol.swift; sourceTree = "<group>"; };
		09EDEF362784D28100DC8617 /* ItemDetailViewRequest.swift */ = {isa = PBXFileReference; fileEncoding = 4; lastKnownFileType = sourcecode.swift; path = ItemDetailViewRequest.swift; sourceTree = "<group>"; };
		09EDEF372784D28100DC8617 /* ItemDetailViewModel.swift */ = {isa = PBXFileReference; fileEncoding = 4; lastKnownFileType = sourcecode.swift; path = ItemDetailViewModel.swift; sourceTree = "<group>"; };
		09EDEF432784D48400DC8617 /* ItemDetailView.swift */ = {isa = PBXFileReference; fileEncoding = 4; lastKnownFileType = sourcecode.swift; path = ItemDetailView.swift; sourceTree = "<group>"; };
		09EDEF442784D48400DC8617 /* ItemDetailViewData.swift */ = {isa = PBXFileReference; fileEncoding = 4; lastKnownFileType = sourcecode.swift; path = ItemDetailViewData.swift; sourceTree = "<group>"; };
		09EDEF472784D5B000DC8617 /* DetailModel.swift */ = {isa = PBXFileReference; lastKnownFileType = sourcecode.swift; path = DetailModel.swift; sourceTree = "<group>"; };
		35893F8DEB324E2D3408FBFD /* Pods-MovieApp.release.xcconfig */ = {isa = PBXFileReference; includeInIndex = 1; lastKnownFileType = text.xcconfig; name = "Pods-MovieApp.release.xcconfig"; path = "Target Support Files/Pods-MovieApp/Pods-MovieApp.release.xcconfig"; sourceTree = "<group>"; };
		669F1CBE8B3542DE31F00700 /* Pods_MovieApp.framework */ = {isa = PBXFileReference; explicitFileType = wrapper.framework; includeInIndex = 0; path = Pods_MovieApp.framework; sourceTree = BUILT_PRODUCTS_DIR; };
		891C6CD5A5531CEF7D367AA4 /* Pods-MovieApp.debug.xcconfig */ = {isa = PBXFileReference; includeInIndex = 1; lastKnownFileType = text.xcconfig; name = "Pods-MovieApp.debug.xcconfig"; path = "Target Support Files/Pods-MovieApp/Pods-MovieApp.debug.xcconfig"; sourceTree = "<group>"; };
/* End PBXFileReference section */

/* Begin PBXFrameworksBuildPhase section */
		099FF2352781FA1700ED09A6 /* Frameworks */ = {
			isa = PBXFrameworksBuildPhase;
			buildActionMask = 2147483647;
			files = (
				20DD5308249125049D67362C /* Pods_MovieApp.framework in Frameworks */,
			);
			runOnlyForDeploymentPostprocessing = 0;
		};
/* End PBXFrameworksBuildPhase section */

/* Begin PBXGroup section */
		09272E4D27D5168C00B002B3 /* core */ = {
			isa = PBXGroup;
			children = (
				09AF58022783648E004133AD /* BaseComponents */,
				099FF23B2781FA1700ED09A6 /* AppDelegate.swift */,
				099FF23D2781FA1700ED09A6 /* SceneDelegate.swift */,
				099FF2442781FA1900ED09A6 /* Assets.xcassets */,
				099FF2462781FA1900ED09A6 /* LaunchScreen.storyboard */,
				099FF2492781FA1900ED09A6 /* Info.plist */,
			);
			path = core;
			sourceTree = "<group>";
		};
		0988DF09280CA5C70069C60E /* SimilarView */ = {
			isa = PBXGroup;
			children = (
				0988DF0A280CA5E30069C60E /* SimilarViewData.swift */,
				0988DF0C280CA5FC0069C60E /* SimilarProviderProtocol.swift */,
				0988DF0E280CA61A0069C60E /* SimilarCellView.swift */,
				0988DF10280CA6360069C60E /* SimilarView.swift */,
				0988DF12280CA63A0069C60E /* SimilarViewComponent */,
			);
			path = SimilarView;
			sourceTree = "<group>";
		};
		0988DF12280CA63A0069C60E /* SimilarViewComponent */ = {
			isa = PBXGroup;
			children = (
				0988DF13280CA6700069C60E /* SimilarDisplayerView.swift */,
				0988DF15280CA69C0069C60E /* SimilarDisPlayerViewData.swift */,
			);
			path = SimilarViewComponent;
			sourceTree = "<group>";
		};
		0990633927F62F1D001593B8 /* NowPlayingView */ = {
			isa = PBXGroup;
			children = (
				0990633A27F62FBA001593B8 /* NowPlayingViewData.swift */,
				0990633C27F62FCF001593B8 /* NowPlayingProviderProtocol.swift */,
				0990633E27F62FFF001593B8 /* NowPlayingCellView.swift */,
				0990634027F6300A001593B8 /* NowPlayingView.swift */,
				0990634227F6300D001593B8 /* NowPlayingViewComponent */,
			);
			path = NowPlayingView;
			sourceTree = "<group>";
		};
		0990634227F6300D001593B8 /* NowPlayingViewComponent */ = {
			isa = PBXGroup;
			children = (
				0990634327F6303A001593B8 /* NowPlayingDisplayerView.swift */,
				0990634527F63049001593B8 /* NowPlayingDisplayerViewData.swift */,
			);
			path = NowPlayingViewComponent;
			sourceTree = "<group>";
		};
		099FF22F2781FA1700ED09A6 = {
			isa = PBXGroup;
			children = (
				099FF23A2781FA1700ED09A6 /* MovieApp */,
				099FF2392781FA1700ED09A6 /* Products */,
				B28A9E8E0548B83834E5D896 /* Pods */,
				F6F2ED0BB98E0C0BEB6875C4 /* Frameworks */,
			);
			sourceTree = "<group>";
		};
		099FF2392781FA1700ED09A6 /* Products */ = {
			isa = PBXGroup;
			children = (
				099FF2382781FA1700ED09A6 /* MovieApp.app */,
			);
			name = Products;
			sourceTree = "<group>";
		};
		099FF23A2781FA1700ED09A6 /* MovieApp */ = {
			isa = PBXGroup;
			children = (
				09272E4D27D5168C00B002B3 /* core */,
				09EDEEF02784306F00DC8617 /* Service */,
				09EDEECD278422BE00DC8617 /* Models */,
				09EDEEED27842C2F00DC8617 /* Manager */,
				09EDEED22784275600DC8617 /* Components */,
				09AF57FA278363A3004133AD /* SceneModules */,
			);
			path = MovieApp;
			sourceTree = "<group>";
		};
		09AF57FA278363A3004133AD /* SceneModules */ = {
			isa = PBXGroup;
			children = (
				09EDEF302784D28100DC8617 /* İtemDetail */,
				09AF5805278368CD004133AD /* Main */,
				09AF57FB278363B7004133AD /* Splash */,
			);
			path = SceneModules;
			sourceTree = "<group>";
		};
		09AF57FB278363B7004133AD /* Splash */ = {
			isa = PBXGroup;
			children = (
				09AF57FC278363CC004133AD /* SplashViewModel.swift */,
				09AF57FE278363D9004133AD /* SplashViewController.swift */,
				09AF5800278363EC004133AD /* SplashViewBuilder.swift */,
			);
			path = Splash;
			sourceTree = "<group>";
		};
		09AF58022783648E004133AD /* BaseComponents */ = {
			isa = PBXGroup;
			children = (
				09AF5803278364AB004133AD /* BaseViewController.swift */,
				09EDEED02784267900DC8617 /* GenericDataProtocol.swift */,
				09EDEED92784280200DC8617 /* BaseCollectionViewCell.swift */,
				09EDEEE0278428C100DC8617 /* GenericBaseView.swift */,
				09EDEEE2278428E900DC8617 /* BaseView.swift */,
			);
			path = BaseComponents;
			sourceTree = "<group>";
		};
		09AF5805278368CD004133AD /* Main */ = {
			isa = PBXGroup;
			children = (
				09AF580A2783690D004133AD /* MainViewBuilder.swift */,
				09AF580C27836918004133AD /* MainViewController.swift */,
				09AF580E27836929004133AD /* MainViewModel.swift */,
				09EDEEC727841F6F00DC8617 /* MainViewFormatter.swift */,
				09EDEEC927841F8100DC8617 /* MainViewFormatterProtocol.swift */,
				09EDEECB27841F8C00DC8617 /* MainViewState.swift */,
			);
			path = Main;
			sourceTree = "<group>";
		};
		09EDEECD278422BE00DC8617 /* Models */ = {
			isa = PBXGroup;
			children = (
				09EDEF2E27846E8800DC8617 /* PaginationInfo.swift */,
				09EDEECE2784236700DC8617 /* UpComingModel.swift */,
				09EDEF472784D5B000DC8617 /* DetailModel.swift */,
				0990633727F62B03001593B8 /* NowPlayingModel.swift */,
				0988DF07280C97820069C60E /* SimilarModel.swift */,
			);
			path = Models;
			sourceTree = "<group>";
		};
		09EDEED22784275600DC8617 /* Components */ = {
			isa = PBXGroup;
			children = (
				0988DF09280CA5C70069C60E /* SimilarView */,
				09EDEEF82784574C00DC8617 /* ItemCollectionView */,
				0990633927F62F1D001593B8 /* NowPlayingView */,
				09EDEF422784D48400DC8617 /* ItemDetailComponent */,
				09EDEEF52784574C00DC8617 /* ItemCollectionComponents */,
			);
			path = Components;
			sourceTree = "<group>";
		};
		09EDEEDB2784283800DC8617 /* MovieListViewComponent */ = {
			isa = PBXGroup;
			children = (
				09EDEEDC2784287C00DC8617 /* MovieListDisplayerView.swift */,
				09EDEEDE2784288500DC8617 /* MovieListDisplayerView.Data.swift */,
			);
			path = MovieListViewComponent;
			sourceTree = "<group>";
		};
		09EDEEED27842C2F00DC8617 /* Manager */ = {
			isa = PBXGroup;
			children = (
				09EDEEEE27842C4300DC8617 /* ImageCacheManager.swift */,
			);
			path = Manager;
			sourceTree = "<group>";
		};
		09EDEEF02784306F00DC8617 /* Service */ = {
			isa = PBXGroup;
			children = (
				09EDEEF12784309000DC8617 /* MovieService.swift */,
			);
			path = Service;
			sourceTree = "<group>";
		};
		09EDEEF52784574C00DC8617 /* ItemCollectionComponents */ = {
			isa = PBXGroup;
			children = (
				09EDEF072784599400DC8617 /* CustomImageViewComponent */,
				09EDEEF62784574C00DC8617 /* CellLoadingComponent */,
			);
			path = ItemCollectionComponents;
			sourceTree = "<group>";
		};
		09EDEEF62784574C00DC8617 /* CellLoadingComponent */ = {
			isa = PBXGroup;
			children = (
				09EDEEF72784574C00DC8617 /* LoadingCellView.swift */,
			);
			path = CellLoadingComponent;
			sourceTree = "<group>";
		};
		09EDEEF82784574C00DC8617 /* ItemCollectionView */ = {
			isa = PBXGroup;
			children = (
				09EDEEF92784574C00DC8617 /* ItemCollectionViewData.swift */,
				09EDEEFA2784574C00DC8617 /* ItemProviderProtocol.swift */,
				09EDEEFB2784574C00DC8617 /* ItemCollectionCellView.swift */,
				09EDEEFC2784574C00DC8617 /* ItemCollectionView.swift */,
				09EDEEDB2784283800DC8617 /* MovieListViewComponent */,
			);
			path = ItemCollectionView;
			sourceTree = "<group>";
		};
		09EDEF072784599400DC8617 /* CustomImageViewComponent */ = {
			isa = PBXGroup;
			children = (
				09EDEF082784599400DC8617 /* CustomImageViewComponentContainer.swift */,
				09EDEF092784599400DC8617 /* CustomImageViewComponentData.swift */,
				09EDEF0A2784599400DC8617 /* CustomImageViewComponent.swift */,
				09EDEF0B2784599400DC8617 /* CustomImageLoadingType.swift */,
			);
			path = CustomImageViewComponent;
			sourceTree = "<group>";
		};
		09EDEF302784D28100DC8617 /* İtemDetail */ = {
			isa = PBXGroup;
			children = (
				09EDEF312784D28100DC8617 /* ItemDetailViewBuilder.swift */,
				09EDEF322784D28100DC8617 /* ItemDetailViewPresentationType.swift */,
				09EDEF332784D28100DC8617 /* ItemDetailDataFormatter.swift */,
				09EDEF342784D28100DC8617 /* ItemDetailViewController.swift */,
				09EDEF352784D28100DC8617 /* ItemDetailDataFormatterProtocol.swift */,
				09EDEF362784D28100DC8617 /* ItemDetailViewRequest.swift */,
				09EDEF372784D28100DC8617 /* ItemDetailViewModel.swift */,
				0908500A280DE2E6002491FD /* File.swift */,
			);
			path = "İtemDetail";
			sourceTree = "<group>";
		};
		09EDEF422784D48400DC8617 /* ItemDetailComponent */ = {
			isa = PBXGroup;
			children = (
				09EDEF432784D48400DC8617 /* ItemDetailView.swift */,
				09EDEF442784D48400DC8617 /* ItemDetailViewData.swift */,
			);
			path = ItemDetailComponent;
			sourceTree = "<group>";
		};
		B28A9E8E0548B83834E5D896 /* Pods */ = {
			isa = PBXGroup;
			children = (
				891C6CD5A5531CEF7D367AA4 /* Pods-MovieApp.debug.xcconfig */,
				35893F8DEB324E2D3408FBFD /* Pods-MovieApp.release.xcconfig */,
			);
			path = Pods;
			sourceTree = "<group>";
		};
		F6F2ED0BB98E0C0BEB6875C4 /* Frameworks */ = {
			isa = PBXGroup;
			children = (
				669F1CBE8B3542DE31F00700 /* Pods_MovieApp.framework */,
			);
			name = Frameworks;
			sourceTree = "<group>";
		};
/* End PBXGroup section */

/* Begin PBXNativeTarget section */
		099FF2372781FA1700ED09A6 /* MovieApp */ = {
			isa = PBXNativeTarget;
			buildConfigurationList = 099FF24C2781FA1900ED09A6 /* Build configuration list for PBXNativeTarget "MovieApp" */;
			buildPhases = (
				8D004880BD1B1FF71305B5F0 /* [CP] Check Pods Manifest.lock */,
				099FF2342781FA1700ED09A6 /* Sources */,
				099FF2352781FA1700ED09A6 /* Frameworks */,
				099FF2362781FA1700ED09A6 /* Resources */,
				4332C597284273D2E2E7ACC5 /* [CP] Embed Pods Frameworks */,
			);
			buildRules = (
			);
			dependencies = (
			);
			name = MovieApp;
			productName = MovieApp;
			productReference = 099FF2382781FA1700ED09A6 /* MovieApp.app */;
			productType = "com.apple.product-type.application";
		};
/* End PBXNativeTarget section */

/* Begin PBXProject section */
		099FF2302781FA1700ED09A6 /* Project object */ = {
			isa = PBXProject;
			attributes = {
				BuildIndependentTargetsInParallel = 1;
				LastSwiftUpdateCheck = 1320;
				LastUpgradeCheck = 1320;
				TargetAttributes = {
					099FF2372781FA1700ED09A6 = {
						CreatedOnToolsVersion = 13.2.1;
					};
				};
			};
			buildConfigurationList = 099FF2332781FA1700ED09A6 /* Build configuration list for PBXProject "MovieApp" */;
			compatibilityVersion = "Xcode 13.0";
			developmentRegion = en;
			hasScannedForEncodings = 0;
			knownRegions = (
				en,
				Base,
			);
			mainGroup = 099FF22F2781FA1700ED09A6;
			productRefGroup = 099FF2392781FA1700ED09A6 /* Products */;
			projectDirPath = "";
			projectRoot = "";
			targets = (
				099FF2372781FA1700ED09A6 /* MovieApp */,
			);
		};
/* End PBXProject section */

/* Begin PBXResourcesBuildPhase section */
		099FF2362781FA1700ED09A6 /* Resources */ = {
			isa = PBXResourcesBuildPhase;
			buildActionMask = 2147483647;
			files = (
				099FF2482781FA1900ED09A6 /* LaunchScreen.storyboard in Resources */,
				099FF2452781FA1900ED09A6 /* Assets.xcassets in Resources */,
			);
			runOnlyForDeploymentPostprocessing = 0;
		};
/* End PBXResourcesBuildPhase section */

/* Begin PBXShellScriptBuildPhase section */
		4332C597284273D2E2E7ACC5 /* [CP] Embed Pods Frameworks */ = {
			isa = PBXShellScriptBuildPhase;
			buildActionMask = 2147483647;
			files = (
			);
			inputFileListPaths = (
				"${PODS_ROOT}/Target Support Files/Pods-MovieApp/Pods-MovieApp-frameworks-${CONFIGURATION}-input-files.xcfilelist",
			);
			name = "[CP] Embed Pods Frameworks";
			outputFileListPaths = (
				"${PODS_ROOT}/Target Support Files/Pods-MovieApp/Pods-MovieApp-frameworks-${CONFIGURATION}-output-files.xcfilelist",
			);
			runOnlyForDeploymentPostprocessing = 0;
			shellPath = /bin/sh;
			shellScript = "\"${PODS_ROOT}/Target Support Files/Pods-MovieApp/Pods-MovieApp-frameworks.sh\"\n";
			showEnvVarsInLog = 0;
		};
		8D004880BD1B1FF71305B5F0 /* [CP] Check Pods Manifest.lock */ = {
			isa = PBXShellScriptBuildPhase;
			buildActionMask = 2147483647;
			files = (
			);
			inputFileListPaths = (
			);
			inputPaths = (
				"${PODS_PODFILE_DIR_PATH}/Podfile.lock",
				"${PODS_ROOT}/Manifest.lock",
			);
			name = "[CP] Check Pods Manifest.lock";
			outputFileListPaths = (
			);
			outputPaths = (
				"$(DERIVED_FILE_DIR)/Pods-MovieApp-checkManifestLockResult.txt",
			);
			runOnlyForDeploymentPostprocessing = 0;
			shellPath = /bin/sh;
			shellScript = "diff \"${PODS_PODFILE_DIR_PATH}/Podfile.lock\" \"${PODS_ROOT}/Manifest.lock\" > /dev/null\nif [ $? != 0 ] ; then\n    # print error to STDERR\n    echo \"error: The sandbox is not in sync with the Podfile.lock. Run 'pod install' or update your CocoaPods installation.\" >&2\n    exit 1\nfi\n# This output is used by Xcode 'outputs' to avoid re-running this script phase.\necho \"SUCCESS\" > \"${SCRIPT_OUTPUT_FILE_0}\"\n";
			showEnvVarsInLog = 0;
		};
/* End PBXShellScriptBuildPhase section */

/* Begin PBXSourcesBuildPhase section */
		099FF2342781FA1700ED09A6 /* Sources */ = {
			isa = PBXSourcesBuildPhase;
			buildActionMask = 2147483647;
			files = (
				09EDEF0E2784599400DC8617 /* CustomImageViewComponent.swift in Sources */,
				09AF580D27836918004133AD /* MainViewController.swift in Sources */,
				09EDEEC827841F6F00DC8617 /* MainViewFormatter.swift in Sources */,
				099FF23C2781FA1700ED09A6 /* AppDelegate.swift in Sources */,
				099FF23E2781FA1700ED09A6 /* SceneDelegate.swift in Sources */,
				09EDEF392784D28100DC8617 /* ItemDetailViewPresentationType.swift in Sources */,
				09EDEEFE2784574C00DC8617 /* ItemCollectionViewData.swift in Sources */,
				09EDEF3C2784D28100DC8617 /* ItemDetailDataFormatterProtocol.swift in Sources */,
				09AF580B2783690D004133AD /* MainViewBuilder.swift in Sources */,
				0988DF11280CA6360069C60E /* SimilarView.swift in Sources */,
				0988DF16280CA69C0069C60E /* SimilarDisPlayerViewData.swift in Sources */,
				09EDEEF22784309000DC8617 /* MovieService.swift in Sources */,
				09EDEED12784267900DC8617 /* GenericDataProtocol.swift in Sources */,
				0990633D27F62FCF001593B8 /* NowPlayingProviderProtocol.swift in Sources */,
				0988DF0B280CA5E30069C60E /* SimilarViewData.swift in Sources */,
				09AF5801278363EC004133AD /* SplashViewBuilder.swift in Sources */,
				09EDEEFD2784574C00DC8617 /* LoadingCellView.swift in Sources */,
				09EDEEE3278428E900DC8617 /* BaseView.swift in Sources */,
				0990634127F6300A001593B8 /* NowPlayingView.swift in Sources */,
				09EDEF3B2784D28100DC8617 /* ItemDetailViewController.swift in Sources */,
				0990634627F63049001593B8 /* NowPlayingDisplayerViewData.swift in Sources */,
				0990633B27F62FBA001593B8 /* NowPlayingViewData.swift in Sources */,
				09EDEF3E2784D28100DC8617 /* ItemDetailViewModel.swift in Sources */,
				09EDEF012784574C00DC8617 /* ItemCollectionView.swift in Sources */,
				0988DF08280C97820069C60E /* SimilarModel.swift in Sources */,
				09EDEF002784574C00DC8617 /* ItemCollectionCellView.swift in Sources */,
				0990633F27F62FFF001593B8 /* NowPlayingCellView.swift in Sources */,
				09EDEEFF2784574C00DC8617 /* ItemProviderProtocol.swift in Sources */,
				09EDEF452784D48400DC8617 /* ItemDetailView.swift in Sources */,
				09EDEEEF27842C4300DC8617 /* ImageCacheManager.swift in Sources */,
				09EDEF0D2784599400DC8617 /* CustomImageViewComponentData.swift in Sources */,
				09EDEECF2784236700DC8617 /* UpComingModel.swift in Sources */,
				09EDEEDA2784280200DC8617 /* BaseCollectionViewCell.swift in Sources */,
				09EDEEDF2784288500DC8617 /* MovieListDisplayerView.Data.swift in Sources */,
				09EDEF3D2784D28100DC8617 /* ItemDetailViewRequest.swift in Sources */,
				0988DF14280CA6700069C60E /* SimilarDisplayerView.swift in Sources */,
				0988DF0D280CA5FC0069C60E /* SimilarProviderProtocol.swift in Sources */,
				0908500B280DE2E6002491FD /* File.swift in Sources */,
				09EDEEDD2784287C00DC8617 /* MovieListDisplayerView.swift in Sources */,
				09EDEF3A2784D28100DC8617 /* ItemDetailDataFormatter.swift in Sources */,
				09EDEEE1278428C100DC8617 /* GenericBaseView.swift in Sources */,
				09EDEF482784D5B000DC8617 /* DetailModel.swift in Sources */,
				09EDEECC27841F8C00DC8617 /* MainViewState.swift in Sources */,
				09EDEF462784D48400DC8617 /* ItemDetailViewData.swift in Sources */,
				0988DF0F280CA61A0069C60E /* SimilarCellView.swift in Sources */,
				09AF57FD278363CC004133AD /* SplashViewModel.swift in Sources */,
				09EDEF0F2784599400DC8617 /* CustomImageLoadingType.swift in Sources */,
				09EDEECA27841F8100DC8617 /* MainViewFormatterProtocol.swift in Sources */,
				09EDEF382784D28100DC8617 /* ItemDetailViewBuilder.swift in Sources */,
				0990633827F62B03001593B8 /* NowPlayingModel.swift in Sources */,
				09EDEF2F27846E8800DC8617 /* PaginationInfo.swift in Sources */,
				09AF5804278364AB004133AD /* BaseViewController.swift in Sources */,
				09EDEF0C2784599400DC8617 /* CustomImageViewComponentContainer.swift in Sources */,
				0990634427F6303A001593B8 /* NowPlayingDisplayerView.swift in Sources */,
				09AF57FF278363D9004133AD /* SplashViewController.swift in Sources */,
				09AF580F27836929004133AD /* MainViewModel.swift in Sources */,
			);
			runOnlyForDeploymentPostprocessing = 0;
		};
/* End PBXSourcesBuildPhase section */

/* Begin PBXVariantGroup section */
		099FF2462781FA1900ED09A6 /* LaunchScreen.storyboard */ = {
			isa = PBXVariantGroup;
			children = (
				099FF2472781FA1900ED09A6 /* Base */,
			);
			name = LaunchScreen.storyboard;
			sourceTree = "<group>";
		};
/* End PBXVariantGroup section */

/* Begin XCBuildConfiguration section */
		099FF24A2781FA1900ED09A6 /* Debug */ = {
			isa = XCBuildConfiguration;
			buildSettings = {
				ALWAYS_SEARCH_USER_PATHS = NO;
				CLANG_ANALYZER_NONNULL = YES;
				CLANG_ANALYZER_NUMBER_OBJECT_CONVERSION = YES_AGGRESSIVE;
				CLANG_CXX_LANGUAGE_STANDARD = "gnu++17";
				CLANG_CXX_LIBRARY = "libc++";
				CLANG_ENABLE_MODULES = YES;
				CLANG_ENABLE_OBJC_ARC = YES;
				CLANG_ENABLE_OBJC_WEAK = YES;
				CLANG_WARN_BLOCK_CAPTURE_AUTORELEASING = YES;
				CLANG_WARN_BOOL_CONVERSION = YES;
				CLANG_WARN_COMMA = YES;
				CLANG_WARN_CONSTANT_CONVERSION = YES;
				CLANG_WARN_DEPRECATED_OBJC_IMPLEMENTATIONS = YES;
				CLANG_WARN_DIRECT_OBJC_ISA_USAGE = YES_ERROR;
				CLANG_WARN_DOCUMENTATION_COMMENTS = YES;
				CLANG_WARN_EMPTY_BODY = YES;
				CLANG_WARN_ENUM_CONVERSION = YES;
				CLANG_WARN_INFINITE_RECURSION = YES;
				CLANG_WARN_INT_CONVERSION = YES;
				CLANG_WARN_NON_LITERAL_NULL_CONVERSION = YES;
				CLANG_WARN_OBJC_IMPLICIT_RETAIN_SELF = YES;
				CLANG_WARN_OBJC_LITERAL_CONVERSION = YES;
				CLANG_WARN_OBJC_ROOT_CLASS = YES_ERROR;
				CLANG_WARN_QUOTED_INCLUDE_IN_FRAMEWORK_HEADER = YES;
				CLANG_WARN_RANGE_LOOP_ANALYSIS = YES;
				CLANG_WARN_STRICT_PROTOTYPES = YES;
				CLANG_WARN_SUSPICIOUS_MOVE = YES;
				CLANG_WARN_UNGUARDED_AVAILABILITY = YES_AGGRESSIVE;
				CLANG_WARN_UNREACHABLE_CODE = YES;
				CLANG_WARN__DUPLICATE_METHOD_MATCH = YES;
				COPY_PHASE_STRIP = NO;
				DEBUG_INFORMATION_FORMAT = dwarf;
				ENABLE_STRICT_OBJC_MSGSEND = YES;
				ENABLE_TESTABILITY = YES;
				GCC_C_LANGUAGE_STANDARD = gnu11;
				GCC_DYNAMIC_NO_PIC = NO;
				GCC_NO_COMMON_BLOCKS = YES;
				GCC_OPTIMIZATION_LEVEL = 0;
				GCC_PREPROCESSOR_DEFINITIONS = (
					"DEBUG=1",
					"$(inherited)",
				);
				GCC_WARN_64_TO_32_BIT_CONVERSION = YES;
				GCC_WARN_ABOUT_RETURN_TYPE = YES_ERROR;
				GCC_WARN_UNDECLARED_SELECTOR = YES;
				GCC_WARN_UNINITIALIZED_AUTOS = YES_AGGRESSIVE;
				GCC_WARN_UNUSED_FUNCTION = YES;
				GCC_WARN_UNUSED_VARIABLE = YES;
				IPHONEOS_DEPLOYMENT_TARGET = 15.2;
				MTL_ENABLE_DEBUG_INFO = INCLUDE_SOURCE;
				MTL_FAST_MATH = YES;
				ONLY_ACTIVE_ARCH = YES;
				SDKROOT = iphoneos;
				SWIFT_ACTIVE_COMPILATION_CONDITIONS = DEBUG;
				SWIFT_OPTIMIZATION_LEVEL = "-Onone";
			};
			name = Debug;
		};
		099FF24B2781FA1900ED09A6 /* Release */ = {
			isa = XCBuildConfiguration;
			buildSettings = {
				ALWAYS_SEARCH_USER_PATHS = NO;
				CLANG_ANALYZER_NONNULL = YES;
				CLANG_ANALYZER_NUMBER_OBJECT_CONVERSION = YES_AGGRESSIVE;
				CLANG_CXX_LANGUAGE_STANDARD = "gnu++17";
				CLANG_CXX_LIBRARY = "libc++";
				CLANG_ENABLE_MODULES = YES;
				CLANG_ENABLE_OBJC_ARC = YES;
				CLANG_ENABLE_OBJC_WEAK = YES;
				CLANG_WARN_BLOCK_CAPTURE_AUTORELEASING = YES;
				CLANG_WARN_BOOL_CONVERSION = YES;
				CLANG_WARN_COMMA = YES;
				CLANG_WARN_CONSTANT_CONVERSION = YES;
				CLANG_WARN_DEPRECATED_OBJC_IMPLEMENTATIONS = YES;
				CLANG_WARN_DIRECT_OBJC_ISA_USAGE = YES_ERROR;
				CLANG_WARN_DOCUMENTATION_COMMENTS = YES;
				CLANG_WARN_EMPTY_BODY = YES;
				CLANG_WARN_ENUM_CONVERSION = YES;
				CLANG_WARN_INFINITE_RECURSION = YES;
				CLANG_WARN_INT_CONVERSION = YES;
				CLANG_WARN_NON_LITERAL_NULL_CONVERSION = YES;
				CLANG_WARN_OBJC_IMPLICIT_RETAIN_SELF = YES;
				CLANG_WARN_OBJC_LITERAL_CONVERSION = YES;
				CLANG_WARN_OBJC_ROOT_CLASS = YES_ERROR;
				CLANG_WARN_QUOTED_INCLUDE_IN_FRAMEWORK_HEADER = YES;
				CLANG_WARN_RANGE_LOOP_ANALYSIS = YES;
				CLANG_WARN_STRICT_PROTOTYPES = YES;
				CLANG_WARN_SUSPICIOUS_MOVE = YES;
				CLANG_WARN_UNGUARDED_AVAILABILITY = YES_AGGRESSIVE;
				CLANG_WARN_UNREACHABLE_CODE = YES;
				CLANG_WARN__DUPLICATE_METHOD_MATCH = YES;
				COPY_PHASE_STRIP = NO;
				DEBUG_INFORMATION_FORMAT = "dwarf-with-dsym";
				ENABLE_NS_ASSERTIONS = NO;
				ENABLE_STRICT_OBJC_MSGSEND = YES;
				GCC_C_LANGUAGE_STANDARD = gnu11;
				GCC_NO_COMMON_BLOCKS = YES;
				GCC_WARN_64_TO_32_BIT_CONVERSION = YES;
				GCC_WARN_ABOUT_RETURN_TYPE = YES_ERROR;
				GCC_WARN_UNDECLARED_SELECTOR = YES;
				GCC_WARN_UNINITIALIZED_AUTOS = YES_AGGRESSIVE;
				GCC_WARN_UNUSED_FUNCTION = YES;
				GCC_WARN_UNUSED_VARIABLE = YES;
				IPHONEOS_DEPLOYMENT_TARGET = 15.2;
				MTL_ENABLE_DEBUG_INFO = NO;
				MTL_FAST_MATH = YES;
				SDKROOT = iphoneos;
				SWIFT_COMPILATION_MODE = wholemodule;
				SWIFT_OPTIMIZATION_LEVEL = "-O";
				VALIDATE_PRODUCT = YES;
			};
			name = Release;
		};
		099FF24D2781FA1900ED09A6 /* Debug */ = {
			isa = XCBuildConfiguration;
			baseConfigurationReference = 891C6CD5A5531CEF7D367AA4 /* Pods-MovieApp.debug.xcconfig */;
			buildSettings = {
				ASSETCATALOG_COMPILER_APPICON_NAME = AppIcon;
				ASSETCATALOG_COMPILER_GLOBAL_ACCENT_COLOR_NAME = AccentColor;
				CODE_SIGN_STYLE = Automatic;
				CURRENT_PROJECT_VERSION = 1;
				DEVELOPMENT_TEAM = L4F3J5D7U6;
				GENERATE_INFOPLIST_FILE = YES;
				INFOPLIST_FILE = MovieApp/Info.plist;
				INFOPLIST_KEY_UIApplicationSupportsIndirectInputEvents = YES;
				INFOPLIST_KEY_UILaunchStoryboardName = LaunchScreen;
				INFOPLIST_KEY_UIMainStoryboardFile = LaunchScreen;
				INFOPLIST_KEY_UISupportedInterfaceOrientations_iPad = "UIInterfaceOrientationPortrait UIInterfaceOrientationPortraitUpsideDown UIInterfaceOrientationLandscapeLeft UIInterfaceOrientationLandscapeRight";
				INFOPLIST_KEY_UISupportedInterfaceOrientations_iPhone = "UIInterfaceOrientationPortrait UIInterfaceOrientationLandscapeLeft UIInterfaceOrientationLandscapeRight";
				LD_RUNPATH_SEARCH_PATHS = (
					"$(inherited)",
					"@executable_path/Frameworks",
				);
				MARKETING_VERSION = 1.0;
				PRODUCT_BUNDLE_IDENTIFIER = com.ergul.MovieApp;
				PRODUCT_NAME = "$(TARGET_NAME)";
				SWIFT_EMIT_LOC_STRINGS = YES;
				SWIFT_VERSION = 5.0;
				TARGETED_DEVICE_FAMILY = "1,2";
			};
			name = Debug;
		};
		099FF24E2781FA1900ED09A6 /* Release */ = {
			isa = XCBuildConfiguration;
			baseConfigurationReference = 35893F8DEB324E2D3408FBFD /* Pods-MovieApp.release.xcconfig */;
			buildSettings = {
				ASSETCATALOG_COMPILER_APPICON_NAME = AppIcon;
				ASSETCATALOG_COMPILER_GLOBAL_ACCENT_COLOR_NAME = AccentColor;
				CODE_SIGN_STYLE = Automatic;
				CURRENT_PROJECT_VERSION = 1;
				DEVELOPMENT_TEAM = L4F3J5D7U6;
				GENERATE_INFOPLIST_FILE = YES;
				INFOPLIST_FILE = MovieApp/Info.plist;
				INFOPLIST_KEY_UIApplicationSupportsIndirectInputEvents = YES;
				INFOPLIST_KEY_UILaunchStoryboardName = LaunchScreen;
				INFOPLIST_KEY_UIMainStoryboardFile = LaunchScreen;
				INFOPLIST_KEY_UISupportedInterfaceOrientations_iPad = "UIInterfaceOrientationPortrait UIInterfaceOrientationPortraitUpsideDown UIInterfaceOrientationLandscapeLeft UIInterfaceOrientationLandscapeRight";
				INFOPLIST_KEY_UISupportedInterfaceOrientations_iPhone = "UIInterfaceOrientationPortrait UIInterfaceOrientationLandscapeLeft UIInterfaceOrientationLandscapeRight";
				LD_RUNPATH_SEARCH_PATHS = (
					"$(inherited)",
					"@executable_path/Frameworks",
				);
				MARKETING_VERSION = 1.0;
				PRODUCT_BUNDLE_IDENTIFIER = com.ergul.MovieApp;
				PRODUCT_NAME = "$(TARGET_NAME)";
				SWIFT_EMIT_LOC_STRINGS = YES;
				SWIFT_VERSION = 5.0;
				TARGETED_DEVICE_FAMILY = "1,2";
			};
			name = Release;
		};
/* End XCBuildConfiguration section */

/* Begin XCConfigurationList section */
		099FF2332781FA1700ED09A6 /* Build configuration list for PBXProject "MovieApp" */ = {
			isa = XCConfigurationList;
			buildConfigurations = (
				099FF24A2781FA1900ED09A6 /* Debug */,
				099FF24B2781FA1900ED09A6 /* Release */,
			);
			defaultConfigurationIsVisible = 0;
			defaultConfigurationName = Release;
		};
		099FF24C2781FA1900ED09A6 /* Build configuration list for PBXNativeTarget "MovieApp" */ = {
			isa = XCConfigurationList;
			buildConfigurations = (
				099FF24D2781FA1900ED09A6 /* Debug */,
				099FF24E2781FA1900ED09A6 /* Release */,
			);
			defaultConfigurationIsVisible = 0;
			defaultConfigurationName = Release;
		};
/* End XCConfigurationList section */
	};
	rootObject = 099FF2302781FA1700ED09A6 /* Project object */;
}
